{
  "name": "ia-flag-icons",
  "version": "2.0.0",
  "lockfileVersion": 3,
  "requires": true,
  "packages": {
    "": {
      "name": "ia-flag-icons",
      "version": "2.0.0",
      "license": "ISC",
      "devDependencies": {
        "iso-3166": "^4.3.0"
      }
    },
    "node_modules/iso-3166": {
      "version": "4.3.0",
      "resolved": "https://registry.npmjs.org/iso-3166/-/iso-3166-4.3.0.tgz",
      "integrity": "sha512-H4kM/sVbxTjSl9xnQCYOrNWdpN0R8Uz26j1BuXI9E6U+kw5wmd3HyPgr/v4+NCuvV/NcvwTfZxd5XZ4lPKvBNA==",
      "dev": true,
      "funding": {
        "type": "github",
        "url": "https://github.com/sponsors/wooorm"
      }
    }
  }
}
